
Microsoft Visual Studio Solution File, Format Version 12.00
# Visual Studio 15
VisualStudioVersion = 15.0.28307.705
MinimumVisualStudioVersion = 10.0.40219.1
Project("{FAE04EC0-301F-11D3-BF4B-00C04F79EFBC}") = "Nyhetssajt", "Nyhetssajt\Nyhetssajt.csproj", "{0AD14F51-8180-4D12-A9A4-8A84AB988706}"
EndProject
Global
	GlobalSection(SolutionConfigurationPlatforms) = preSolution
		Debug|Any CPU = Debug|Any CPU
		Release|Any CPU = Release|Any CPU
	EndGlobalSection
	GlobalSection(ProjectConfigurationPlatforms) = postSolution
		{0AD14F51-8180-4D12-A9A4-8A84AB988706}.Debug|Any CPU.ActiveCfg = Debug|Any CPU
		{0AD14F51-8180-4D12-A9A4-8A84AB988706}.Debug|Any CPU.Build.0 = Debug|Any CPU
		{0AD14F51-8180-4D12-A9A4-8A84AB988706}.Release|Any CPU.ActiveCfg = Release|Any CPU
		{0AD14F51-8180-4D12-A9A4-8A84AB988706}.Release|Any CPU.Build.0 = Release|Any CPU
	EndGlobalSection
	GlobalSection(SolutionProperties) = preSolution
		HideSolutionNode = FALSE
	EndGlobalSection
	GlobalSection(ExtensibilityGlobals) = postSolution
		SolutionGuid = {403C02B4-A6AB-4B22-9EC7-694F1C2B3C54}
	EndGlobalSection
EndGlobal
